
Microsoft Visual Studio Solution File, Format Version 12.00
# Visual Studio Version 16
VisualStudioVersion = 16.0.32929.386
MinimumVisualStudioVersion = 10.0.40219.1
Project("{FAE04EC0-301F-11D3-BF4B-00C04F79EFBC}") = "FlowDocument_WpfApp1", "FlowDocument_WpfApp1\FlowDocument_WpfApp1.csproj", "{B639A53E-B67D-4969-80FD-782E398C0879}"
EndProject
Global
	GlobalSection(SolutionConfigurationPlatforms) = preSolution
		Debug|Any CPU = Debug|Any CPU
		Release|Any CPU = Release|Any CPU
	EndGlobalSection
	GlobalSection(ProjectConfigurationPlatforms) = postSolution
		{B639A53E-B67D-4969-80FD-782E398C0879}.Debug|Any CPU.ActiveCfg = Debug|Any CPU
		{B639A53E-B67D-4969-80FD-782E398C0879}.Debug|Any CPU.Build.0 = Debug|Any CPU
		{B639A53E-B67D-4969-80FD-782E398C0879}.Release|Any CPU.ActiveCfg = Release|Any CPU
		{B639A53E-B67D-4969-80FD-782E398C0879}.Release|Any CPU.Build.0 = Release|Any CPU
	EndGlobalSection
	GlobalSection(SolutionProperties) = preSolution
		HideSolutionNode = FALSE
	EndGlobalSection
	GlobalSection(ExtensibilityGlobals) = postSolution
		SolutionGuid = {12D9BB72-BDD3-48AE-8492-38C6CA17C69F}
	EndGlobalSection
EndGlobal
